// !$*UTF8*$!
{
	archiveVersion = 1;
	classes = {
	};
	objectVersion = 46;
	objects = {

/* Begin PBXBuildFile section */
		F223F4E31EB6378B00E636BA /* cert.pem in Resources */ = {isa = PBXBuildFile; fileRef = F223F4E21EB6378B00E636BA /* cert.pem */; };
		F223F4E51EB6379100E636BA /* key.pem in Resources */ = {isa = PBXBuildFile; fileRef = F223F4E41EB6379100E636BA /* key.pem */; };
		F223F4E71EB639CD00E636BA /* certificate.cer in Resources */ = {isa = PBXBuildFile; fileRef = F223F4E61EB6395400E636BA /* certificate.cer */; };
		F2253F051E7590D60022DA25 /* AppDelegate.swift in Sources */ = {isa = PBXBuildFile; fileRef = F2253F041E7590D60022DA25 /* AppDelegate.swift */; };
		F2253F071E7590D60022DA25 /* GenericListDisplayController.swift in Sources */ = {isa = PBXBuildFile; fileRef = F2253F061E7590D60022DA25 /* GenericListDisplayController.swift */; };
		F2253F0A1E7590D60022DA25 /* Main.storyboard in Resources */ = {isa = PBXBuildFile; fileRef = F2253F081E7590D60022DA25 /* Main.storyboard */; };
		F2253F0C1E7590D60022DA25 /* Assets.xcassets in Resources */ = {isa = PBXBuildFile; fileRef = F2253F0B1E7590D60022DA25 /* Assets.xcassets */; };
		F2253F0F1E7590D60022DA25 /* LaunchScreen.storyboard in Resources */ = {isa = PBXBuildFile; fileRef = F2253F0D1E7590D60022DA25 /* LaunchScreen.storyboard */; };
		F2253F1E1E75D9DB0022DA25 /* URL+NeoEwsaApi.swift in Sources */ = {isa = PBXBuildFile; fileRef = F2253F1D1E75D9DB0022DA25 /* URL+NeoEwsaApi.swift */; };
		F2253F201E75D9EE0022DA25 /* NeoEwsaApi.swift in Sources */ = {isa = PBXBuildFile; fileRef = F2253F1F1E75D9EE0022DA25 /* NeoEwsaApi.swift */; };
		F2253F221E75DDF20022DA25 /* NetworkConfig-develop.swift in Sources */ = {isa = PBXBuildFile; fileRef = F2253F211E75DDF20022DA25 /* NetworkConfig-develop.swift */; };
		F238E96E1E86CF1A0091B437 /* JsonKeys.swift in Sources */ = {isa = PBXBuildFile; fileRef = F238E96D1E86CF1A0091B437 /* JsonKeys.swift */; };
		F238E9701E86CFD70091B437 /* NeoModelParser.swift in Sources */ = {isa = PBXBuildFile; fileRef = F238E96F1E86CFD70091B437 /* NeoModelParser.swift */; };
		F238E9721E86D0580091B437 /* Neo.swift in Sources */ = {isa = PBXBuildFile; fileRef = F238E9711E86D0580091B437 /* Neo.swift */; };
		F238E9941E86DB450091B437 /* StoryBoard.swift in Sources */ = {isa = PBXBuildFile; fileRef = F238E9931E86DB450091B437 /* StoryBoard.swift */; };
		F238E9961E86E0210091B437 /* NeoListModel.swift in Sources */ = {isa = PBXBuildFile; fileRef = F238E9951E86E0210091B437 /* NeoListModel.swift */; };
		F238E9991E86E0760091B437 /* TableViewItem.swift in Sources */ = {isa = PBXBuildFile; fileRef = F238E9981E86E0760091B437 /* TableViewItem.swift */; };
		F238E99B1E86E0BC0091B437 /* MenuCellTypes.swift in Sources */ = {isa = PBXBuildFile; fileRef = F238E99A1E86E0BC0091B437 /* MenuCellTypes.swift */; };
		F238E99D1E86E28D0091B437 /* NeoListCell.swift in Sources */ = {isa = PBXBuildFile; fileRef = F238E99C1E86E28D0091B437 /* NeoListCell.swift */; };
		F238E99F1E86E88E0091B437 /* GenericTableViewModel.swift in Sources */ = {isa = PBXBuildFile; fileRef = F238E99E1E86E88E0091B437 /* GenericTableViewModel.swift */; };
		F238E9A11E86EB820091B437 /* IntroScreenViewController.swift in Sources */ = {isa = PBXBuildFile; fileRef = F238E9A01E86EB820091B437 /* IntroScreenViewController.swift */; };
/* End PBXBuildFile section */

/* Begin PBXFileReference section */
		F223F4E21EB6378B00E636BA /* cert.pem */ = {isa = PBXFileReference; fileEncoding = 4; lastKnownFileType = text; name = cert.pem; path = "../../../../../../../repositories/SmartNumbersMobile-iOS/cert.pem"; sourceTree = "<group>"; };
		F223F4E41EB6379100E636BA /* key.pem */ = {isa = PBXFileReference; fileEncoding = 4; lastKnownFileType = text; name = key.pem; path = "../../../../../../../repositories/SmartNumbersMobile-iOS/key.pem"; sourceTree = "<group>"; };
		F223F4E61EB6395400E636BA /* certificate.cer */ = {isa = PBXFileReference; lastKnownFileType = file; name = certificate.cer; path = "../../../../../../../repositories/SmartNumbersMobile-iOS/certificate.cer"; sourceTree = "<group>"; };
		F2253F011E7590D60022DA25 /* NEO_Early_Warning_System_Alpha_p1.app */ = {isa = PBXFileReference; explicitFileType = wrapper.application; includeInIndex = 0; path = NEO_Early_Warning_System_Alpha_p1.app; sourceTree = BUILT_PRODUCTS_DIR; };
		F2253F041E7590D60022DA25 /* AppDelegate.swift */ = {isa = PBXFileReference; lastKnownFileType = sourcecode.swift; path = AppDelegate.swift; sourceTree = "<group>"; };
		F2253F061E7590D60022DA25 /* GenericListDisplayController.swift */ = {isa = PBXFileReference; lastKnownFileType = sourcecode.swift; path = GenericListDisplayController.swift; sourceTree = "<group>"; };
		F2253F091E7590D60022DA25 /* Base */ = {isa = PBXFileReference; lastKnownFileType = file.storyboard; name = Base; path = Base.lproj/Main.storyboard; sourceTree = "<group>"; };
		F2253F0B1E7590D60022DA25 /* Assets.xcassets */ = {isa = PBXFileReference; lastKnownFileType = folder.assetcatalog; path = Assets.xcassets; sourceTree = "<group>"; };
		F2253F0E1E7590D60022DA25 /* Base */ = {isa = PBXFileReference; lastKnownFileType = file.storyboard; name = Base; path = Base.lproj/LaunchScreen.storyboard; sourceTree = "<group>"; };
		F2253F101E7590D60022DA25 /* Info.plist */ = {isa = PBXFileReference; lastKnownFileType = text.plist.xml; path = Info.plist; sourceTree = "<group>"; };
		F2253F1D1E75D9DB0022DA25 /* URL+NeoEwsaApi.swift */ = {isa = PBXFileReference; fileEncoding = 4; lastKnownFileType = sourcecode.swift; path = "URL+NeoEwsaApi.swift"; sourceTree = "<group>"; };
		F2253F1F1E75D9EE0022DA25 /* NeoEwsaApi.swift */ = {isa = PBXFileReference; fileEncoding = 4; lastKnownFileType = sourcecode.swift; path = NeoEwsaApi.swift; sourceTree = "<group>"; };
		F2253F211E75DDF20022DA25 /* NetworkConfig-develop.swift */ = {isa = PBXFileReference; fileEncoding = 4; lastKnownFileType = sourcecode.swift; path = "NetworkConfig-develop.swift"; sourceTree = "<group>"; };
		F238E96D1E86CF1A0091B437 /* JsonKeys.swift */ = {isa = PBXFileReference; fileEncoding = 4; lastKnownFileType = sourcecode.swift; path = JsonKeys.swift; sourceTree = "<group>"; };
		F238E96F1E86CFD70091B437 /* NeoModelParser.swift */ = {isa = PBXFileReference; fileEncoding = 4; lastKnownFileType = sourcecode.swift; path = NeoModelParser.swift; sourceTree = "<group>"; };
		F238E9711E86D0580091B437 /* Neo.swift */ = {isa = PBXFileReference; fileEncoding = 4; lastKnownFileType = sourcecode.swift; path = Neo.swift; sourceTree = "<group>"; };
		F238E9931E86DB450091B437 /* StoryBoard.swift */ = {isa = PBXFileReference; fileEncoding = 4; lastKnownFileType = sourcecode.swift; path = StoryBoard.swift; sourceTree = "<group>"; };
		F238E9951E86E0210091B437 /* NeoListModel.swift */ = {isa = PBXFileReference; fileEncoding = 4; lastKnownFileType = sourcecode.swift; path = NeoListModel.swift; sourceTree = "<group>"; };
		F238E9981E86E0760091B437 /* TableViewItem.swift */ = {isa = PBXFileReference; fileEncoding = 4; lastKnownFileType = sourcecode.swift; path = TableViewItem.swift; sourceTree = "<group>"; };
		F238E99A1E86E0BC0091B437 /* MenuCellTypes.swift */ = {isa = PBXFileReference; fileEncoding = 4; lastKnownFileType = sourcecode.swift; path = MenuCellTypes.swift; sourceTree = "<group>"; };
		F238E99C1E86E28D0091B437 /* NeoListCell.swift */ = {isa = PBXFileReference; fileEncoding = 4; lastKnownFileType = sourcecode.swift; path = NeoListCell.swift; sourceTree = "<group>"; };
		F238E99E1E86E88E0091B437 /* GenericTableViewModel.swift */ = {isa = PBXFileReference; fileEncoding = 4; lastKnownFileType = sourcecode.swift; path = GenericTableViewModel.swift; sourceTree = "<group>"; };
		F238E9A01E86EB820091B437 /* IntroScreenViewController.swift */ = {isa = PBXFileReference; fileEncoding = 4; lastKnownFileType = sourcecode.swift; path = IntroScreenViewController.swift; sourceTree = "<group>"; };
/* End PBXFileReference section */

/* Begin PBXFrameworksBuildPhase section */
		F2253EFE1E7590D60022DA25 /* Frameworks */ = {
			isa = PBXFrameworksBuildPhase;
			buildActionMask = 2147483647;
			files = (
			);
			runOnlyForDeploymentPostprocessing = 0;
		};
/* End PBXFrameworksBuildPhase section */

/* Begin PBXGroup section */
		F2253EF81E7590D60022DA25 = {
			isa = PBXGroup;
			children = (
				F2253F031E7590D60022DA25 /* NEO_Early_Warning_System_Alpha_p1 */,
				F2253F021E7590D60022DA25 /* Products */,
			);
			sourceTree = "<group>";
		};
		F2253F021E7590D60022DA25 /* Products */ = {
			isa = PBXGroup;
			children = (
				F2253F011E7590D60022DA25 /* NEO_Early_Warning_System_Alpha_p1.app */,
			);
			name = Products;
			sourceTree = "<group>";
		};
		F2253F031E7590D60022DA25 /* NEO_Early_Warning_System_Alpha_p1 */ = {
			isa = PBXGroup;
			children = (
				F223F4E61EB6395400E636BA /* certificate.cer */,
				F223F4E21EB6378B00E636BA /* cert.pem */,
				F223F4E41EB6379100E636BA /* key.pem */,
				F2253F041E7590D60022DA25 /* AppDelegate.swift */,
				F2253F181E75D6240022DA25 /* View */,
				F2253F171E75D61E0022DA25 /* Presentation */,
				F2253F161E75D6150022DA25 /* View Model */,
				F2253F1A1E75D63C0022DA25 /* Networking */,
				F2253F191E75D62C0022DA25 /* Network Config */,
				F238E9A21E86F6340091B437 /* Utilities */,
				F238E9A31E86F64B0091B437 /* Project Setup */,
			);
			path = NEO_Early_Warning_System_Alpha_p1;
			sourceTree = "<group>";
		};
		F2253F161E75D6150022DA25 /* View Model */ = {
			isa = PBXGroup;
			children = (
				F238E9711E86D0580091B437 /* Neo.swift */,
				F238E9951E86E0210091B437 /* NeoListModel.swift */,
			);
			name = "View Model";
			sourceTree = "<group>";
		};
		F2253F171E75D61E0022DA25 /* Presentation */ = {
			isa = PBXGroup;
			children = (
				F238E99A1E86E0BC0091B437 /* MenuCellTypes.swift */,
				F238E9A01E86EB820091B437 /* IntroScreenViewController.swift */,
			);
			name = Presentation;
			sourceTree = "<group>";
		};
		F2253F181E75D6240022DA25 /* View */ = {
			isa = PBXGroup;
			children = (
				F238E9971E86E0610091B437 /* GenericTableView */,
				F2253F081E7590D60022DA25 /* Main.storyboard */,
				F2253F0B1E7590D60022DA25 /* Assets.xcassets */,
				F2253F0D1E7590D60022DA25 /* LaunchScreen.storyboard */,
				F238E9931E86DB450091B437 /* StoryBoard.swift */,
				F238E99C1E86E28D0091B437 /* NeoListCell.swift */,
			);
			name = View;
			sourceTree = "<group>";
		};
		F2253F191E75D62C0022DA25 /* Network Config */ = {
			isa = PBXGroup;
			children = (
				F2253F1F1E75D9EE0022DA25 /* NeoEwsaApi.swift */,
				F2253F211E75DDF20022DA25 /* NetworkConfig-develop.swift */,
				F238E96D1E86CF1A0091B437 /* JsonKeys.swift */,
				F238E96F1E86CFD70091B437 /* NeoModelParser.swift */,
			);
			name = "Network Config";
			sourceTree = "<group>";
		};
		F2253F1A1E75D63C0022DA25 /* Networking */ = {
			isa = PBXGroup;
			children = (
				F2253F1D1E75D9DB0022DA25 /* URL+NeoEwsaApi.swift */,
			);
			name = Networking;
			sourceTree = "<group>";
		};
		F238E9971E86E0610091B437 /* GenericTableView */ = {
			isa = PBXGroup;
			children = (
				F2253F061E7590D60022DA25 /* GenericListDisplayController.swift */,
				F238E9981E86E0760091B437 /* TableViewItem.swift */,
				F238E99E1E86E88E0091B437 /* GenericTableViewModel.swift */,
			);
			name = GenericTableView;
			sourceTree = "<group>";
		};
		F238E9A21E86F6340091B437 /* Utilities */ = {
			isa = PBXGroup;
			children = (
			);
			name = Utilities;
			sourceTree = "<group>";
		};
		F238E9A31E86F64B0091B437 /* Project Setup */ = {
			isa = PBXGroup;
			children = (
				F2253F101E7590D60022DA25 /* Info.plist */,
			);
			name = "Project Setup";
			sourceTree = "<group>";
		};
/* End PBXGroup section */

/* Begin PBXNativeTarget section */
		F2253F001E7590D60022DA25 /* NEO_Early_Warning_System_Alpha_p1 */ = {
			isa = PBXNativeTarget;
			buildConfigurationList = F2253F131E7590D60022DA25 /* Build configuration list for PBXNativeTarget "NEO_Early_Warning_System_Alpha_p1" */;
			buildPhases = (
				F2253EFD1E7590D60022DA25 /* Sources */,
				F2253EFE1E7590D60022DA25 /* Frameworks */,
				F2253EFF1E7590D60022DA25 /* Resources */,
			);
			buildRules = (
			);
			dependencies = (
			);
			name = NEO_Early_Warning_System_Alpha_p1;
			productName = NEO_Early_Warning_System_Alpha_p1;
			productReference = F2253F011E7590D60022DA25 /* NEO_Early_Warning_System_Alpha_p1.app */;
			productType = "com.apple.product-type.application";
		};
/* End PBXNativeTarget section */

/* Begin PBXProject section */
		F2253EF91E7590D60022DA25 /* Project object */ = {
			isa = PBXProject;
			attributes = {
				LastSwiftUpdateCheck = 0820;
				LastUpgradeCheck = 0820;
				ORGANIZATIONNAME = "Daniel Creagh";
				TargetAttributes = {
					F2253F001E7590D60022DA25 = {
						CreatedOnToolsVersion = 8.2.1;
						ProvisioningStyle = Automatic;
					};
				};
			};
			buildConfigurationList = F2253EFC1E7590D60022DA25 /* Build configuration list for PBXProject "NEO_Early_Warning_System_Alpha_p1" */;
			compatibilityVersion = "Xcode 3.2";
			developmentRegion = English;
			hasScannedForEncodings = 0;
			knownRegions = (
				en,
				Base,
			);
			mainGroup = F2253EF81E7590D60022DA25;
			productRefGroup = F2253F021E7590D60022DA25 /* Products */;
			projectDirPath = "";
			projectRoot = "";
			targets = (
				F2253F001E7590D60022DA25 /* NEO_Early_Warning_System_Alpha_p1 */,
			);
		};
/* End PBXProject section */

/* Begin PBXResourcesBuildPhase section */
		F2253EFF1E7590D60022DA25 /* Resources */ = {
			isa = PBXResourcesBuildPhase;
			buildActionMask = 2147483647;
			files = (
				F2253F0F1E7590D60022DA25 /* LaunchScreen.storyboard in Resources */,
				F2253F0C1E7590D60022DA25 /* Assets.xcassets in Resources */,
				F223F4E51EB6379100E636BA /* key.pem in Resources */,
				F223F4E31EB6378B00E636BA /* cert.pem in Resources */,
				F223F4E71EB639CD00E636BA /* certificate.cer in Resources */,
				F2253F0A1E7590D60022DA25 /* Main.storyboard in Resources */,
			);
			runOnlyForDeploymentPostprocessing = 0;
		};
/* End PBXResourcesBuildPhase section */

/* Begin PBXSourcesBuildPhase section */
		F2253EFD1E7590D60022DA25 /* Sources */ = {
			isa = PBXSourcesBuildPhase;
			buildActionMask = 2147483647;
			files = (
				F2253F1E1E75D9DB0022DA25 /* URL+NeoEwsaApi.swift in Sources */,
				F238E9941E86DB450091B437 /* StoryBoard.swift in Sources */,
				F238E99D1E86E28D0091B437 /* NeoListCell.swift in Sources */,
				F238E99F1E86E88E0091B437 /* GenericTableViewModel.swift in Sources */,
				F238E9961E86E0210091B437 /* NeoListModel.swift in Sources */,
				F2253F221E75DDF20022DA25 /* NetworkConfig-develop.swift in Sources */,
				F238E99B1E86E0BC0091B437 /* MenuCellTypes.swift in Sources */,
				F2253F071E7590D60022DA25 /* GenericListDisplayController.swift in Sources */,
				F2253F051E7590D60022DA25 /* AppDelegate.swift in Sources */,
				F2253F201E75D9EE0022DA25 /* NeoEwsaApi.swift in Sources */,
				F238E9A11E86EB820091B437 /* IntroScreenViewController.swift in Sources */,
				F238E9991E86E0760091B437 /* TableViewItem.swift in Sources */,
				F238E96E1E86CF1A0091B437 /* JsonKeys.swift in Sources */,
				F238E9721E86D0580091B437 /* Neo.swift in Sources */,
				F238E9701E86CFD70091B437 /* NeoModelParser.swift in Sources */,
			);
			runOnlyForDeploymentPostprocessing = 0;
		};
/* End PBXSourcesBuildPhase section */

/* Begin PBXVariantGroup section */
		F2253F081E7590D60022DA25 /* Main.storyboard */ = {
			isa = PBXVariantGroup;
			children = (
				F2253F091E7590D60022DA25 /* Base */,
			);
			name = Main.storyboard;
			sourceTree = "<group>";
		};
		F2253F0D1E7590D60022DA25 /* LaunchScreen.storyboard */ = {
			isa = PBXVariantGroup;
			children = (
				F2253F0E1E7590D60022DA25 /* Base */,
			);
			name = LaunchScreen.storyboard;
			sourceTree = "<group>";
		};
/* End PBXVariantGroup section */

/* Begin XCBuildConfiguration section */
		F2253F111E7590D60022DA25 /* Debug */ = {
			isa = XCBuildConfiguration;
			buildSettings = {
				ALWAYS_SEARCH_USER_PATHS = NO;
				CLANG_ANALYZER_NONNULL = YES;
				CLANG_CXX_LANGUAGE_STANDARD = "gnu++0x";
				CLANG_CXX_LIBRARY = "libc++";
				CLANG_ENABLE_MODULES = YES;
				CLANG_ENABLE_OBJC_ARC = YES;
				CLANG_WARN_BOOL_CONVERSION = YES;
				CLANG_WARN_CONSTANT_CONVERSION = YES;
				CLANG_WARN_DIRECT_OBJC_ISA_USAGE = YES_ERROR;
				CLANG_WARN_DOCUMENTATION_COMMENTS = YES;
				CLANG_WARN_EMPTY_BODY = YES;
				CLANG_WARN_ENUM_CONVERSION = YES;
				CLANG_WARN_INFINITE_RECURSION = YES;
				CLANG_WARN_INT_CONVERSION = YES;
				CLANG_WARN_OBJC_ROOT_CLASS = YES_ERROR;
				CLANG_WARN_SUSPICIOUS_MOVE = YES;
				CLANG_WARN_UNREACHABLE_CODE = YES;
				CLANG_WARN__DUPLICATE_METHOD_MATCH = YES;
				"CODE_SIGN_IDENTITY[sdk=iphoneos*]" = "iPhone Developer";
				COPY_PHASE_STRIP = NO;
				DEBUG_INFORMATION_FORMAT = dwarf;
				ENABLE_STRICT_OBJC_MSGSEND = YES;
				ENABLE_TESTABILITY = YES;
				GCC_C_LANGUAGE_STANDARD = gnu99;
				GCC_DYNAMIC_NO_PIC = NO;
				GCC_NO_COMMON_BLOCKS = YES;
				GCC_OPTIMIZATION_LEVEL = 0;
				GCC_PREPROCESSOR_DEFINITIONS = (
					"DEBUG=1",
					"$(inherited)",
				);
				GCC_WARN_64_TO_32_BIT_CONVERSION = YES;
				GCC_WARN_ABOUT_RETURN_TYPE = YES_ERROR;
				GCC_WARN_UNDECLARED_SELECTOR = YES;
				GCC_WARN_UNINITIALIZED_AUTOS = YES_AGGRESSIVE;
				GCC_WARN_UNUSED_FUNCTION = YES;
				GCC_WARN_UNUSED_VARIABLE = YES;
				IPHONEOS_DEPLOYMENT_TARGET = 10.2;
				MTL_ENABLE_DEBUG_INFO = YES;
				ONLY_ACTIVE_ARCH = YES;
				SDKROOT = iphoneos;
				SWIFT_ACTIVE_COMPILATION_CONDITIONS = DEBUG;
				SWIFT_OPTIMIZATION_LEVEL = "-Onone";
			};
			name = Debug;
		};
		F2253F121E7590D60022DA25 /* Release */ = {
			isa = XCBuildConfiguration;
			buildSettings = {
				ALWAYS_SEARCH_USER_PATHS = NO;
				CLANG_ANALYZER_NONNULL = YES;
				CLANG_CXX_LANGUAGE_STANDARD = "gnu++0x";
				CLANG_CXX_LIBRARY = "libc++";
				CLANG_ENABLE_MODULES = YES;
				CLANG_ENABLE_OBJC_ARC = YES;
				CLANG_WARN_BOOL_CONVERSION = YES;
				CLANG_WARN_CONSTANT_CONVERSION = YES;
				CLANG_WARN_DIRECT_OBJC_ISA_USAGE = YES_ERROR;
				CLANG_WARN_DOCUMENTATION_COMMENTS = YES;
				CLANG_WARN_EMPTY_BODY = YES;
				CLANG_WARN_ENUM_CONVERSION = YES;
				CLANG_WARN_INFINITE_RECURSION = YES;
				CLANG_WARN_INT_CONVERSION = YES;
				CLANG_WARN_OBJC_ROOT_CLASS = YES_ERROR;
				CLANG_WARN_SUSPICIOUS_MOVE = YES;
				CLANG_WARN_UNREACHABLE_CODE = YES;
				CLANG_WARN__DUPLICATE_METHOD_MATCH = YES;
				"CODE_SIGN_IDENTITY[sdk=iphoneos*]" = "iPhone Developer";
				COPY_PHASE_STRIP = NO;
				DEBUG_INFORMATION_FORMAT = "dwarf-with-dsym";
				ENABLE_NS_ASSERTIONS = NO;
				ENABLE_STRICT_OBJC_MSGSEND = YES;
				GCC_C_LANGUAGE_STANDARD = gnu99;
				GCC_NO_COMMON_BLOCKS = YES;
				GCC_WARN_64_TO_32_BIT_CONVERSION = YES;
				GCC_WARN_ABOUT_RETURN_TYPE = YES_ERROR;
				GCC_WARN_UNDECLARED_SELECTOR = YES;
				GCC_WARN_UNINITIALIZED_AUTOS = YES_AGGRESSIVE;
				GCC_WARN_UNUSED_FUNCTION = YES;
				GCC_WARN_UNUSED_VARIABLE = YES;
				IPHONEOS_DEPLOYMENT_TARGET = 10.2;
				MTL_ENABLE_DEBUG_INFO = NO;
				SDKROOT = iphoneos;
				SWIFT_OPTIMIZATION_LEVEL = "-Owholemodule";
				VALIDATE_PRODUCT = YES;
			};
			name = Release;
		};
		F2253F141E7590D60022DA25 /* Debug */ = {
			isa = XCBuildConfiguration;
			buildSettings = {
				ASSETCATALOG_COMPILER_APPICON_NAME = AppIcon;
				INFOPLIST_FILE = NEO_Early_Warning_System_Alpha_p1/Info.plist;
				LD_RUNPATH_SEARCH_PATHS = "$(inherited) @executable_path/Frameworks";
				PRODUCT_BUNDLE_IDENTIFIER = "com.creagh.NEO-Early-Warning-System-Alpha-p1";
				PRODUCT_NAME = "$(TARGET_NAME)";
				SWIFT_VERSION = 3.0;
			};
			name = Debug;
		};
		F2253F151E7590D60022DA25 /* Release */ = {
			isa = XCBuildConfiguration;
			buildSettings = {
				ASSETCATALOG_COMPILER_APPICON_NAME = AppIcon;
				INFOPLIST_FILE = NEO_Early_Warning_System_Alpha_p1/Info.plist;
				LD_RUNPATH_SEARCH_PATHS = "$(inherited) @executable_path/Frameworks";
				PRODUCT_BUNDLE_IDENTIFIER = "com.creagh.NEO-Early-Warning-System-Alpha-p1";
				PRODUCT_NAME = "$(TARGET_NAME)";
				SWIFT_VERSION = 3.0;
			};
			name = Release;
		};
/* End XCBuildConfiguration section */

/* Begin XCConfigurationList section */
		F2253EFC1E7590D60022DA25 /* Build configuration list for PBXProject "NEO_Early_Warning_System_Alpha_p1" */ = {
			isa = XCConfigurationList;
			buildConfigurations = (
				F2253F111E7590D60022DA25 /* Debug */,
				F2253F121E7590D60022DA25 /* Release */,
			);
			defaultConfigurationIsVisible = 0;
			defaultConfigurationName = Release;
		};
		F2253F131E7590D60022DA25 /* Build configuration list for PBXNativeTarget "NEO_Early_Warning_System_Alpha_p1" */ = {
			isa = XCConfigurationList;
			buildConfigurations = (
				F2253F141E7590D60022DA25 /* Debug */,
				F2253F151E7590D60022DA25 /* Release */,
			);
			defaultConfigurationIsVisible = 0;
			defaultConfigurationName = Release;
		};
/* End XCConfigurationList section */
	};
	rootObject = F2253EF91E7590D60022DA25 /* Project object */;
}
